
Microsoft Visual Studio Solution File, Format Version 12.00
# Visual Studio Version 17
VisualStudioVersion = 17.9.34701.34
MinimumVisualStudioVersion = 10.0.40219.1
Project("{FAE04EC0-301F-11D3-BF4B-00C04F79EFBC}") = "FileOrbis.IntermediateLayer.Backend", "FileOrbis.IntermediateLayer.Backend\FileOrbis.IntermediateLayer.Backend.csproj", "{DD79959B-6CAF-429B-8F78-26C41B6EACFA}"
EndProject
Global
	GlobalSection(SolutionConfigurationPlatforms) = preSolution
		Debug|Any CPU = Debug|Any CPU
		Release|Any CPU = Release|Any CPU
	EndGlobalSection
	GlobalSection(ProjectConfigurationPlatforms) = postSolution
		{DD79959B-6CAF-429B-8F78-26C41B6EACFA}.Debug|Any CPU.ActiveCfg = Debug|Any CPU
		{DD79959B-6CAF-429B-8F78-26C41B6EACFA}.Debug|Any CPU.Build.0 = Debug|Any CPU
		{DD79959B-6CAF-429B-8F78-26C41B6EACFA}.Release|Any CPU.ActiveCfg = Release|Any CPU
		{DD79959B-6CAF-429B-8F78-26C41B6EACFA}.Release|Any CPU.Build.0 = Release|Any CPU
	EndGlobalSection
	GlobalSection(SolutionProperties) = preSolution
		HideSolutionNode = FALSE
	EndGlobalSection
	GlobalSection(ExtensibilityGlobals) = postSolution
		SolutionGuid = {6773FB6C-D6B9-479C-967F-AB2ECCE0EA94}
	EndGlobalSection
EndGlobal
